
Microsoft Visual Studio Solution File, Format Version 12.00
# Visual Studio Version 16
VisualStudioVersion = 16.0.29424.173
MinimumVisualStudioVersion = 10.0.40219.1
Project("{9A19103F-16F7-4668-BE54-9A1E7A4F7556}") = "demoTest", "demoTest\demoTest.csproj", "{6755B8A2-4696-4FC5-AF6D-84AC5514AE0E}"
	ProjectSection(ProjectDependencies) = postProject
		{30BB3AB8-4AA6-4426-AEF2-05017FB9F0B3} = {30BB3AB8-4AA6-4426-AEF2-05017FB9F0B3}
	EndProjectSection
EndProject
Project("{9A19103F-16F7-4668-BE54-9A1E7A4F7556}") = "demotestdemo", "demotestdemo\demotestdemo.csproj", "{30BB3AB8-4AA6-4426-AEF2-05017FB9F0B3}"
EndProject
Global
	GlobalSection(SolutionConfigurationPlatforms) = preSolution
		Debug|Any CPU = Debug|Any CPU
		Release|Any CPU = Release|Any CPU
	EndGlobalSection
	GlobalSection(ProjectConfigurationPlatforms) = postSolution
		{6755B8A2-4696-4FC5-AF6D-84AC5514AE0E}.Debug|Any CPU.ActiveCfg = Debug|Any CPU
		{6755B8A2-4696-4FC5-AF6D-84AC5514AE0E}.Debug|Any CPU.Build.0 = Debug|Any CPU
		{6755B8A2-4696-4FC5-AF6D-84AC5514AE0E}.Release|Any CPU.ActiveCfg = Release|Any CPU
		{6755B8A2-4696-4FC5-AF6D-84AC5514AE0E}.Release|Any CPU.Build.0 = Release|Any CPU
		{30BB3AB8-4AA6-4426-AEF2-05017FB9F0B3}.Debug|Any CPU.ActiveCfg = Debug|Any CPU
		{30BB3AB8-4AA6-4426-AEF2-05017FB9F0B3}.Debug|Any CPU.Build.0 = Debug|Any CPU
		{30BB3AB8-4AA6-4426-AEF2-05017FB9F0B3}.Release|Any CPU.ActiveCfg = Release|Any CPU
		{30BB3AB8-4AA6-4426-AEF2-05017FB9F0B3}.Release|Any CPU.Build.0 = Release|Any CPU
	EndGlobalSection
	GlobalSection(SolutionProperties) = preSolution
		HideSolutionNode = FALSE
	EndGlobalSection
	GlobalSection(ExtensibilityGlobals) = postSolution
		SolutionGuid = {C261A852-9B29-4807-A5FB-8BEB029F8C82}
	EndGlobalSection
EndGlobal
